{
    "version": 3,
    "terraform_version": "0.12.24",
    "serial": 1,
    "lineage": "2b0cd098-fdb7-b1fe-3238-639b48d0d5fd",
    "modules": [
        {
            "path": [
                "root"
            ],
            "outputs": {
                "aws_route53_record_tfer--Z165JNQYTZW714_3zayxegwj7su2vr6t5bhaubhqldwctce-002E-_domainkey-002E-mdzhang-002E-com-002E-_CNAME__id": {
                    "sensitive": false,
                    "type": "string",
                    "value": "Z165JNQYTZW714_3zayxegwj7su2vr6t5bhaubhqldwctce._domainkey.mdzhang.com._CNAME_"
                },
                "aws_route53_record_tfer--Z165JNQYTZW714__amazonses-002E-mdzhang-002E-com-002E-_TXT__id": {
                    "sensitive": false,
                    "type": "string",
                    "value": "Z165JNQYTZW714__amazonses.mdzhang.com._TXT_"
                },
                "aws_route53_record_tfer--Z165JNQYTZW714_ansible-002D-test-002D-01-002E-mdzhang-002E-com-002E-_A__id": {
                    "sensitive": false,
                    "type": "string",
                    "value": "Z165JNQYTZW714_ansible-test-01.mdzhang.com._A_"
                },
                "aws_route53_record_tfer--Z165JNQYTZW714_ap2eae6szjer25xekk2ka74hgw2boz5l-002E-_domainkey-002E-mdzhang-002E-com-002E-_CNAME__id": {
                    "sensitive": false,
                    "type": "string",
                    "value": "Z165JNQYTZW714_ap2eae6szjer25xekk2ka74hgw2boz5l._domainkey.mdzhang.com._CNAME_"
                },
                "aws_route53_record_tfer--Z165JNQYTZW714_bzbfsl6cckaaoseffslr4eos3wqg27js-002E-_domainkey-002E-mdzhang-002E-com-002E-_CNAME__id": {
                    "sensitive": false,
                    "type": "string",
                    "value": "Z165JNQYTZW714_bzbfsl6cckaaoseffslr4eos3wqg27js._domainkey.mdzhang.com._CNAME_"
                },
                "aws_route53_record_tfer--Z165JNQYTZW714_cdn-002E-mdzhang-002E-com-002E-_A__id": {
                    "sensitive": false,
                    "type": "string",
                    "value": "Z165JNQYTZW714_cdn.mdzhang.com._A_"
                },
                "aws_route53_record_tfer--Z165JNQYTZW714_dev-002E-mdzhang-002E-com-002E-_A__id": {
                    "sensitive": false,
                    "type": "string",
                    "value": "Z165JNQYTZW714_dev.mdzhang.com._A_"
                },
                "aws_route53_record_tfer--Z165JNQYTZW714_email-002E-mdzhang-002E-com-002E-_CNAME__id": {
                    "sensitive": false,
                    "type": "string",
                    "value": "Z165JNQYTZW714_email.mdzhang.com._CNAME_"
                },
                "aws_route53_record_tfer--Z165JNQYTZW714_mdzhang-002E-com-002E-_A__id": {
                    "sensitive": false,
                    "type": "string",
                    "value": "Z165JNQYTZW714_mdzhang.com._A_"
                },
                "aws_route53_record_tfer--Z165JNQYTZW714_mdzhang-002E-com-002E-_MX__id": {
                    "sensitive": false,
                    "type": "string",
                    "value": "Z165JNQYTZW714_mdzhang.com._MX_"
                },
                "aws_route53_record_tfer--Z165JNQYTZW714_mdzhang-002E-com-002E-_NS__id": {
                    "sensitive": false,
                    "type": "string",
                    "value": "Z165JNQYTZW714_mdzhang.com._NS_"
                },
                "aws_route53_record_tfer--Z165JNQYTZW714_mdzhang-002E-com-002E-_SOA__id": {
                    "sensitive": false,
                    "type": "string",
                    "value": "Z165JNQYTZW714_mdzhang.com._SOA_"
                },
                "aws_route53_record_tfer--Z165JNQYTZW714_mdzhang-002E-com-002E-_TXT__id": {
                    "sensitive": false,
                    "type": "string",
                    "value": "Z165JNQYTZW714_mdzhang.com._TXT_"
                },
                "aws_route53_record_tfer--Z165JNQYTZW714_pic-002E-_domainkey-002E-mdzhang-002E-com-002E-_TXT__id": {
                    "sensitive": false,
                    "type": "string",
                    "value": "Z165JNQYTZW714_pic._domainkey.mdzhang.com._TXT_"
                },
                "aws_route53_record_tfer--Z165JNQYTZW714_staging-002D-1-002E-mdzhang-002E-com-002E-_A__id": {
                    "sensitive": false,
                    "type": "string",
                    "value": "Z165JNQYTZW714_staging-1.mdzhang.com._A_"
                },
                "aws_route53_record_tfer--Z165JNQYTZW714_staging-002D-2-002E-mdzhang-002E-com-002E-_CNAME__id": {
                    "sensitive": false,
                    "type": "string",
                    "value": "Z165JNQYTZW714_staging-2.mdzhang.com._CNAME_"
                },
                "aws_route53_record_tfer--Z165JNQYTZW714_www-002E-mdzhang-002E-com-002E-_A__id": {
                    "sensitive": false,
                    "type": "string",
                    "value": "Z165JNQYTZW714_www.mdzhang.com._A_"
                },
                "aws_route53_zone_tfer--Z165JNQYTZW714_mdzhang-002E-com_id": {
                    "sensitive": false,
                    "type": "string",
                    "value": "Z165JNQYTZW714"
                }
            },
            "resources": {
                "aws_route53_record.tfer--Z165JNQYTZW714_3zayxegwj7su2vr6t5bhaubhqldwctce-002E-_domainkey-002E-mdzhang-002E-com-002E-_CNAME_": {
                    "type": "aws_route53_record",
                    "depends_on": [],
                    "primary": {
                        "id": "Z165JNQYTZW714_3zayxegwj7su2vr6t5bhaubhqldwctce._domainkey.mdzhang.com._CNAME_",
                        "attributes": {
                            "fqdn": "3zayxegwj7su2vr6t5bhaubhqldwctce._domainkey.mdzhang.com",
                            "health_check_id": "",
                            "id": "Z165JNQYTZW714_3zayxegwj7su2vr6t5bhaubhqldwctce._domainkey.mdzhang.com._CNAME_",
                            "name": "3zayxegwj7su2vr6t5bhaubhqldwctce._domainkey.mdzhang.com",
                            "records.#": "1",
                            "records.0": "3zayxegwj7su2vr6t5bhaubhqldwctce.dkim.amazonses.com",
                            "set_identifier": "",
                            "ttl": "1800",
                            "type": "CNAME",
                            "zone_id": "Z165JNQYTZW714"
                        },
                        "meta": {
                            "schema_version": 2
                        },
                        "tainted": false
                    },
                    "deposed": [],
                    "provider": "provider.aws"
                },
                "aws_route53_record.tfer--Z165JNQYTZW714__amazonses-002E-mdzhang-002E-com-002E-_TXT_": {
                    "type": "aws_route53_record",
                    "depends_on": [],
                    "primary": {
                        "id": "Z165JNQYTZW714__amazonses.mdzhang.com._TXT_",
                        "attributes": {
                            "fqdn": "_amazonses.mdzhang.com",
                            "health_check_id": "",
                            "id": "Z165JNQYTZW714__amazonses.mdzhang.com._TXT_",
                            "name": "_amazonses.mdzhang.com",
                            "records.#": "1",
                            "records.0": "j5ee+KwMRdQydZnmBfLTcXu8eEeQAXCFQgPsPR+zOVI=",
                            "set_identifier": "",
                            "ttl": "1800",
                            "type": "TXT",
                            "zone_id": "Z165JNQYTZW714"
                        },
                        "meta": {
                            "schema_version": 2
                        },
                        "tainted": false
                    },
                    "deposed": [],
                    "provider": "provider.aws"
                },
                "aws_route53_record.tfer--Z165JNQYTZW714_ansible-002D-test-002D-01-002E-mdzhang-002E-com-002E-_A_": {
                    "type": "aws_route53_record",
                    "depends_on": [],
                    "primary": {
                        "id": "Z165JNQYTZW714_ansible-test-01.mdzhang.com._A_",
                        "attributes": {
                            "fqdn": "ansible-test-01.mdzhang.com",
                            "health_check_id": "",
                            "id": "Z165JNQYTZW714_ansible-test-01.mdzhang.com._A_",
                            "name": "ansible-test-01.mdzhang.com",
                            "records.#": "1",
                            "records.0": "35.193.87.90",
                            "set_identifier": "",
                            "ttl": "300",
                            "type": "A",
                            "zone_id": "Z165JNQYTZW714"
                        },
                        "meta": {
                            "schema_version": 2
                        },
                        "tainted": false
                    },
                    "deposed": [],
                    "provider": "provider.aws"
                },
                "aws_route53_record.tfer--Z165JNQYTZW714_ap2eae6szjer25xekk2ka74hgw2boz5l-002E-_domainkey-002E-mdzhang-002E-com-002E-_CNAME_": {
                    "type": "aws_route53_record",
                    "depends_on": [],
                    "primary": {
                        "id": "Z165JNQYTZW714_ap2eae6szjer25xekk2ka74hgw2boz5l._domainkey.mdzhang.com._CNAME_",
                        "attributes": {
                            "fqdn": "ap2eae6szjer25xekk2ka74hgw2boz5l._domainkey.mdzhang.com",
                            "health_check_id": "",
                            "id": "Z165JNQYTZW714_ap2eae6szjer25xekk2ka74hgw2boz5l._domainkey.mdzhang.com._CNAME_",
                            "name": "ap2eae6szjer25xekk2ka74hgw2boz5l._domainkey.mdzhang.com",
                            "records.#": "1",
                            "records.0": "ap2eae6szjer25xekk2ka74hgw2boz5l.dkim.amazonses.com",
                            "set_identifier": "",
                            "ttl": "1800",
                            "type": "CNAME",
                            "zone_id": "Z165JNQYTZW714"
                        },
                        "meta": {
                            "schema_version": 2
                        },
                        "tainted": false
                    },
                    "deposed": [],
                    "provider": "provider.aws"
                },
                "aws_route53_record.tfer--Z165JNQYTZW714_bzbfsl6cckaaoseffslr4eos3wqg27js-002E-_domainkey-002E-mdzhang-002E-com-002E-_CNAME_": {
                    "type": "aws_route53_record",
                    "depends_on": [],
                    "primary": {
                        "id": "Z165JNQYTZW714_bzbfsl6cckaaoseffslr4eos3wqg27js._domainkey.mdzhang.com._CNAME_",
                        "attributes": {
                            "fqdn": "bzbfsl6cckaaoseffslr4eos3wqg27js._domainkey.mdzhang.com",
                            "health_check_id": "",
                            "id": "Z165JNQYTZW714_bzbfsl6cckaaoseffslr4eos3wqg27js._domainkey.mdzhang.com._CNAME_",
                            "name": "bzbfsl6cckaaoseffslr4eos3wqg27js._domainkey.mdzhang.com",
                            "records.#": "1",
                            "records.0": "bzbfsl6cckaaoseffslr4eos3wqg27js.dkim.amazonses.com",
                            "set_identifier": "",
                            "ttl": "1800",
                            "type": "CNAME",
                            "zone_id": "Z165JNQYTZW714"
                        },
                        "meta": {
                            "schema_version": 2
                        },
                        "tainted": false
                    },
                    "deposed": [],
                    "provider": "provider.aws"
                },
                "aws_route53_record.tfer--Z165JNQYTZW714_cdn-002E-mdzhang-002E-com-002E-_A_": {
                    "type": "aws_route53_record",
                    "depends_on": [],
                    "primary": {
                        "id": "Z165JNQYTZW714_cdn.mdzhang.com._A_",
                        "attributes": {
                            "alias.#": "1",
                            "alias.0.evaluate_target_health": "false",
                            "alias.0.name": "s3-website-us-west-1.amazonaws.com",
                            "alias.0.zone_id": "Z2F56UZL2M1ACD",
                            "fqdn": "cdn.mdzhang.com",
                            "health_check_id": "",
                            "id": "Z165JNQYTZW714_cdn.mdzhang.com._A_",
                            "name": "cdn.mdzhang.com",
                            "records.#": "0",
                            "set_identifier": "",
                            "ttl": "0",
                            "type": "A",
                            "zone_id": "Z165JNQYTZW714"
                        },
                        "meta": {
                            "schema_version": 2
                        },
                        "tainted": false
                    },
                    "deposed": [],
                    "provider": "provider.aws"
                },
                "aws_route53_record.tfer--Z165JNQYTZW714_dev-002E-mdzhang-002E-com-002E-_A_": {
                    "type": "aws_route53_record",
                    "depends_on": [],
                    "primary": {
                        "id": "Z165JNQYTZW714_dev.mdzhang.com._A_",
                        "attributes": {
                            "alias.#": "1",
                            "alias.0.evaluate_target_health": "false",
                            "alias.0.name": "s3-website-us-west-1.amazonaws.com",
                            "alias.0.zone_id": "Z2F56UZL2M1ACD",
                            "fqdn": "dev.mdzhang.com",
                            "health_check_id": "",
                            "id": "Z165JNQYTZW714_dev.mdzhang.com._A_",
                            "name": "dev.mdzhang.com",
                            "records.#": "0",
                            "set_identifier": "",
                            "ttl": "0",
                            "type": "A",
                            "zone_id": "Z165JNQYTZW714"
                        },
                        "meta": {
                            "schema_version": 2
                        },
                        "tainted": false
                    },
                    "deposed": [],
                    "provider": "provider.aws"
                },
                "aws_route53_record.tfer--Z165JNQYTZW714_email-002E-mdzhang-002E-com-002E-_CNAME_": {
                    "type": "aws_route53_record",
                    "depends_on": [],
                    "primary": {
                        "id": "Z165JNQYTZW714_email.mdzhang.com._CNAME_",
                        "attributes": {
                            "fqdn": "email.mdzhang.com",
                            "health_check_id": "",
                            "id": "Z165JNQYTZW714_email.mdzhang.com._CNAME_",
                            "name": "email.mdzhang.com",
                            "records.#": "1",
                            "records.0": "mailgun.org",
                            "set_identifier": "",
                            "ttl": "300",
                            "type": "CNAME",
                            "zone_id": "Z165JNQYTZW714"
                        },
                        "meta": {
                            "schema_version": 2
                        },
                        "tainted": false
                    },
                    "deposed": [],
                    "provider": "provider.aws"
                },
                "aws_route53_record.tfer--Z165JNQYTZW714_mdzhang-002E-com-002E-_A_": {
                    "type": "aws_route53_record",
                    "depends_on": [],
                    "primary": {
                        "id": "Z165JNQYTZW714_mdzhang.com._A_",
                        "attributes": {
                            "alias.#": "1",
                            "alias.0.evaluate_target_health": "false",
                            "alias.0.name": "s3-website-us-west-1.amazonaws.com",
                            "alias.0.zone_id": "Z2F56UZL2M1ACD",
                            "fqdn": "mdzhang.com",
                            "health_check_id": "",
                            "id": "Z165JNQYTZW714_mdzhang.com._A_",
                            "name": "mdzhang.com",
                            "records.#": "0",
                            "set_identifier": "",
                            "ttl": "0",
                            "type": "A",
                            "zone_id": "Z165JNQYTZW714"
                        },
                        "meta": {
                            "schema_version": 2
                        },
                        "tainted": false
                    },
                    "deposed": [],
                    "provider": "provider.aws"
                },
                "aws_route53_record.tfer--Z165JNQYTZW714_mdzhang-002E-com-002E-_MX_": {
                    "type": "aws_route53_record",
                    "depends_on": [],
                    "primary": {
                        "id": "Z165JNQYTZW714_mdzhang.com._MX_",
                        "attributes": {
                            "fqdn": "mdzhang.com",
                            "health_check_id": "",
                            "id": "Z165JNQYTZW714_mdzhang.com._MX_",
                            "name": "mdzhang.com",
                            "records.#": "2",
                            "records.0": "10\tmxa.mailgun.org",
                            "records.1": "10\tmxb.mailgun.org",
                            "set_identifier": "",
                            "ttl": "300",
                            "type": "MX",
                            "zone_id": "Z165JNQYTZW714"
                        },
                        "meta": {
                            "schema_version": 2
                        },
                        "tainted": false
                    },
                    "deposed": [],
                    "provider": "provider.aws"
                },
                "aws_route53_record.tfer--Z165JNQYTZW714_mdzhang-002E-com-002E-_NS_": {
                    "type": "aws_route53_record",
                    "depends_on": [],
                    "primary": {
                        "id": "Z165JNQYTZW714_mdzhang.com._NS_",
                        "attributes": {
                            "fqdn": "mdzhang.com",
                            "health_check_id": "",
                            "id": "Z165JNQYTZW714_mdzhang.com._NS_",
                            "name": "mdzhang.com",
                            "records.#": "4",
                            "records.0": "ns-1066.awsdns-05.org.",
                            "records.1": "ns-181.awsdns-22.com.",
                            "records.2": "ns-1972.awsdns-54.co.uk.",
                            "records.3": "ns-809.awsdns-37.net.",
                            "set_identifier": "",
                            "ttl": "172800",
                            "type": "NS",
                            "zone_id": "Z165JNQYTZW714"
                        },
                        "meta": {
                            "schema_version": 2
                        },
                        "tainted": false
                    },
                    "deposed": [],
                    "provider": "provider.aws"
                },
                "aws_route53_record.tfer--Z165JNQYTZW714_mdzhang-002E-com-002E-_SOA_": {
                    "type": "aws_route53_record",
                    "depends_on": [],
                    "primary": {
                        "id": "Z165JNQYTZW714_mdzhang.com._SOA_",
                        "attributes": {
                            "fqdn": "mdzhang.com",
                            "health_check_id": "",
                            "id": "Z165JNQYTZW714_mdzhang.com._SOA_",
                            "name": "mdzhang.com",
                            "records.#": "1",
                            "records.0": "ns-809.awsdns-37.net. awsdns-hostmaster.amazon.com. 1 7200 900 1209600 86400",
                            "set_identifier": "",
                            "ttl": "900",
                            "type": "SOA",
                            "zone_id": "Z165JNQYTZW714"
                        },
                        "meta": {
                            "schema_version": 2
                        },
                        "tainted": false
                    },
                    "deposed": [],
                    "provider": "provider.aws"
                },
                "aws_route53_record.tfer--Z165JNQYTZW714_mdzhang-002E-com-002E-_TXT_": {
                    "type": "aws_route53_record",
                    "depends_on": [],
                    "primary": {
                        "id": "Z165JNQYTZW714_mdzhang.com._TXT_",
                        "attributes": {
                            "fqdn": "mdzhang.com",
                            "health_check_id": "",
                            "id": "Z165JNQYTZW714_mdzhang.com._TXT_",
                            "name": "mdzhang.com",
                            "records.#": "3",
                            "records.0": "firebase=personal-site-staging",
                            "records.1": "globalsign-domain-verification=Mu0l5q7-DpNUoQavDtNZzf0uJbIEPoIvjC3sh0RVs4",
                            "records.2": "v=spf1 include:mailgun.org ~all",
                            "set_identifier": "",
                            "ttl": "300",
                            "type": "TXT",
                            "zone_id": "Z165JNQYTZW714"
                        },
                        "meta": {
                            "schema_version": 2
                        },
                        "tainted": false
                    },
                    "deposed": [],
                    "provider": "provider.aws"
                },
                "aws_route53_record.tfer--Z165JNQYTZW714_pic-002E-_domainkey-002E-mdzhang-002E-com-002E-_TXT_": {
                    "type": "aws_route53_record",
                    "depends_on": [],
                    "primary": {
                        "id": "Z165JNQYTZW714_pic._domainkey.mdzhang.com._TXT_",
                        "attributes": {
                            "fqdn": "pic._domainkey.mdzhang.com",
                            "health_check_id": "",
                            "id": "Z165JNQYTZW714_pic._domainkey.mdzhang.com._TXT_",
                            "name": "pic._domainkey.mdzhang.com",
                            "records.#": "1",
                            "records.0": "k=rsa; p=MIGfMA0GCSqGSIb3DQEBAQUAA4GNADCBiQKBgQC0A7TOc2YpqiejPrhTE8lvAju/71EXNJxesMPJMktlxyHl7mC15N6kpjf/RepiKQtiHNe3yWstDshzlRjLCWEHbWq2AATCZlfgrJKXvdIOxklHVv3hhv/nqwVNzIFK8tNNyR6ns/7+uWqmis+D8BL96wf52r5aUU6YvNNi53el8wIDAQAB",
                            "set_identifier": "",
                            "ttl": "300",
                            "type": "TXT",
                            "zone_id": "Z165JNQYTZW714"
                        },
                        "meta": {
                            "schema_version": 2
                        },
                        "tainted": false
                    },
                    "deposed": [],
                    "provider": "provider.aws"
                },
                "aws_route53_record.tfer--Z165JNQYTZW714_staging-002D-1-002E-mdzhang-002E-com-002E-_A_": {
                    "type": "aws_route53_record",
                    "depends_on": [],
                    "primary": {
                        "id": "Z165JNQYTZW714_staging-1.mdzhang.com._A_",
                        "attributes": {
                            "alias.#": "1",
                            "alias.0.evaluate_target_health": "false",
                            "alias.0.name": "s3-website-us-west-1.amazonaws.com",
                            "alias.0.zone_id": "Z2F56UZL2M1ACD",
                            "fqdn": "staging-1.mdzhang.com",
                            "health_check_id": "",
                            "id": "Z165JNQYTZW714_staging-1.mdzhang.com._A_",
                            "name": "staging-1.mdzhang.com",
                            "records.#": "0",
                            "set_identifier": "",
                            "ttl": "0",
                            "type": "A",
                            "zone_id": "Z165JNQYTZW714"
                        },
                        "meta": {
                            "schema_version": 2
                        },
                        "tainted": false
                    },
                    "deposed": [],
                    "provider": "provider.aws"
                },
                "aws_route53_record.tfer--Z165JNQYTZW714_staging-002D-2-002E-mdzhang-002E-com-002E-_CNAME_": {
                    "type": "aws_route53_record",
                    "depends_on": [],
                    "primary": {
                        "id": "Z165JNQYTZW714_staging-2.mdzhang.com._CNAME_",
                        "attributes": {
                            "fqdn": "staging-2.mdzhang.com",
                            "health_check_id": "",
                            "id": "Z165JNQYTZW714_staging-2.mdzhang.com._CNAME_",
                            "name": "staging-2.mdzhang.com",
                            "records.#": "1",
                            "records.0": "mdzhang.netlify.com",
                            "set_identifier": "",
                            "ttl": "300",
                            "type": "CNAME",
                            "zone_id": "Z165JNQYTZW714"
                        },
                        "meta": {
                            "schema_version": 2
                        },
                        "tainted": false
                    },
                    "deposed": [],
                    "provider": "provider.aws"
                },
                "aws_route53_record.tfer--Z165JNQYTZW714_www-002E-mdzhang-002E-com-002E-_A_": {
                    "type": "aws_route53_record",
                    "depends_on": [],
                    "primary": {
                        "id": "Z165JNQYTZW714_www.mdzhang.com._A_",
                        "attributes": {
                            "alias.#": "1",
                            "alias.0.evaluate_target_health": "false",
                            "alias.0.name": "s3-website-us-west-1.amazonaws.com",
                            "alias.0.zone_id": "Z2F56UZL2M1ACD",
                            "fqdn": "www.mdzhang.com",
                            "health_check_id": "",
                            "id": "Z165JNQYTZW714_www.mdzhang.com._A_",
                            "name": "www.mdzhang.com",
                            "records.#": "0",
                            "set_identifier": "",
                            "ttl": "0",
                            "type": "A",
                            "zone_id": "Z165JNQYTZW714"
                        },
                        "meta": {
                            "schema_version": 2
                        },
                        "tainted": false
                    },
                    "deposed": [],
                    "provider": "provider.aws"
                },
                "aws_route53_zone.tfer--Z165JNQYTZW714_mdzhang-002E-com": {
                    "type": "aws_route53_zone",
                    "depends_on": [],
                    "primary": {
                        "id": "Z165JNQYTZW714",
                        "attributes": {
                            "comment": "HostedZone created by Route53 Registrar",
                            "delegation_set_id": "",
                            "force_destroy": "false",
                            "id": "Z165JNQYTZW714",
                            "name": "mdzhang.com",
                            "name_servers.#": "4",
                            "name_servers.0": "ns-1066.awsdns-05.org",
                            "name_servers.1": "ns-181.awsdns-22.com",
                            "name_servers.2": "ns-1972.awsdns-54.co.uk",
                            "name_servers.3": "ns-809.awsdns-37.net",
                            "tags.%": "0",
                            "vpc.#": "0",
                            "zone_id": "Z165JNQYTZW714"
                        },
                        "meta": {
                            "schema_version": 0
                        },
                        "tainted": false
                    },
                    "deposed": [],
                    "provider": "provider.aws"
                }
            },
            "depends_on": []
        }
    ]
}
